
Microsoft Visual Studio Solution File, Format Version 12.00
# Visual Studio Version 16
VisualStudioVersion = 16.0.29215.179
MinimumVisualStudioVersion = 10.0.40219.1
Project("{9A19103F-16F7-4668-BE54-9A1E7A4F7556}") = "NiceCdn", "NiceCdn\NiceCdn.csproj", "{0CB6D5FA-2553-4B33-8FB0-0BC8B06630CB}"
EndProject
Global
	GlobalSection(SolutionConfigurationPlatforms) = preSolution
		Debug|Any CPU = Debug|Any CPU
		Release|Any CPU = Release|Any CPU
	EndGlobalSection
	GlobalSection(ProjectConfigurationPlatforms) = postSolution
		{0CB6D5FA-2553-4B33-8FB0-0BC8B06630CB}.Debug|Any CPU.ActiveCfg = Debug|Any CPU
		{0CB6D5FA-2553-4B33-8FB0-0BC8B06630CB}.Debug|Any CPU.Build.0 = Debug|Any CPU
		{0CB6D5FA-2553-4B33-8FB0-0BC8B06630CB}.Release|Any CPU.ActiveCfg = Release|Any CPU
		{0CB6D5FA-2553-4B33-8FB0-0BC8B06630CB}.Release|Any CPU.Build.0 = Release|Any CPU
	EndGlobalSection
	GlobalSection(SolutionProperties) = preSolution
		HideSolutionNode = FALSE
	EndGlobalSection
	GlobalSection(ExtensibilityGlobals) = postSolution
		SolutionGuid = {696795CD-21FD-477D-89D3-B78613F7CD3E}
	EndGlobalSection
EndGlobal
